
Microsoft Visual Studio Solution File, Format Version 12.00
# Visual Studio Version 16
VisualStudioVersion = 16.0.30523.141
MinimumVisualStudioVersion = 10.0.40219.1
Project("{FAE04EC0-301F-11D3-BF4B-00C04F79EFBC}") = "Exercices_WinformsApp1", "Exercices_WinformsApp\Exercices_WinformsApp1.csproj", "{AA35FC3F-BCF9-4DA2-95EF-A11FD4A60247}"
EndProject
Project("{FAE04EC0-301F-11D3-BF4B-00C04F79EFBC}") = "Exercices_WinformsApp2", "Exercices_WinformsApp2\Exercices_WinformsApp2.csproj", "{269B7E6B-B7F1-415D-8B02-E5264E3E4449}"
EndProject
Project("{FAE04EC0-301F-11D3-BF4B-00C04F79EFBC}") = "Exercices_WinformsApp3", "Exercices_WinformsApp3\Exercices_WinformsApp3.csproj", "{0AA0B8AD-6214-446B-933B-50EADBAA6581}"
EndProject
Project("{FAE04EC0-301F-11D3-BF4B-00C04F79EFBC}") = "Exercices_WinformsApp4", "Exercices_WinformsApp4\Exercices_WinformsApp4.csproj", "{13727961-17B1-46CA-915A-F202E63FCA66}"
EndProject
Project("{FAE04EC0-301F-11D3-BF4B-00C04F79EFBC}") = "Exercices_WinformsApp5", "Exercices_WinformsApp5\Exercices_WinformsApp5.csproj", "{2C4B8133-43FF-4C46-B4CF-1B1CE114D7F8}"
EndProject
Project("{FAE04EC0-301F-11D3-BF4B-00C04F79EFBC}") = "Exercices_WinformsApp6", "Exercices_WinformsApp6\Exercices_WinformsApp6.csproj", "{3B91FC5D-61E8-4F8B-A5B4-53D2553D3148}"
EndProject
Global
	GlobalSection(SolutionConfigurationPlatforms) = preSolution
		Debug|Any CPU = Debug|Any CPU
		Release|Any CPU = Release|Any CPU
	EndGlobalSection
	GlobalSection(ProjectConfigurationPlatforms) = postSolution
		{AA35FC3F-BCF9-4DA2-95EF-A11FD4A60247}.Debug|Any CPU.ActiveCfg = Debug|Any CPU
		{AA35FC3F-BCF9-4DA2-95EF-A11FD4A60247}.Debug|Any CPU.Build.0 = Debug|Any CPU
		{AA35FC3F-BCF9-4DA2-95EF-A11FD4A60247}.Release|Any CPU.ActiveCfg = Release|Any CPU
		{AA35FC3F-BCF9-4DA2-95EF-A11FD4A60247}.Release|Any CPU.Build.0 = Release|Any CPU
		{269B7E6B-B7F1-415D-8B02-E5264E3E4449}.Debug|Any CPU.ActiveCfg = Debug|Any CPU
		{269B7E6B-B7F1-415D-8B02-E5264E3E4449}.Debug|Any CPU.Build.0 = Debug|Any CPU
		{269B7E6B-B7F1-415D-8B02-E5264E3E4449}.Release|Any CPU.ActiveCfg = Release|Any CPU
		{269B7E6B-B7F1-415D-8B02-E5264E3E4449}.Release|Any CPU.Build.0 = Release|Any CPU
		{0AA0B8AD-6214-446B-933B-50EADBAA6581}.Debug|Any CPU.ActiveCfg = Debug|Any CPU
		{0AA0B8AD-6214-446B-933B-50EADBAA6581}.Debug|Any CPU.Build.0 = Debug|Any CPU
		{0AA0B8AD-6214-446B-933B-50EADBAA6581}.Release|Any CPU.ActiveCfg = Release|Any CPU
		{0AA0B8AD-6214-446B-933B-50EADBAA6581}.Release|Any CPU.Build.0 = Release|Any CPU
		{13727961-17B1-46CA-915A-F202E63FCA66}.Debug|Any CPU.ActiveCfg = Debug|Any CPU
		{13727961-17B1-46CA-915A-F202E63FCA66}.Debug|Any CPU.Build.0 = Debug|Any CPU
		{13727961-17B1-46CA-915A-F202E63FCA66}.Release|Any CPU.ActiveCfg = Release|Any CPU
		{13727961-17B1-46CA-915A-F202E63FCA66}.Release|Any CPU.Build.0 = Release|Any CPU
		{2C4B8133-43FF-4C46-B4CF-1B1CE114D7F8}.Debug|Any CPU.ActiveCfg = Debug|Any CPU
		{2C4B8133-43FF-4C46-B4CF-1B1CE114D7F8}.Debug|Any CPU.Build.0 = Debug|Any CPU
		{2C4B8133-43FF-4C46-B4CF-1B1CE114D7F8}.Release|Any CPU.ActiveCfg = Release|Any CPU
		{2C4B8133-43FF-4C46-B4CF-1B1CE114D7F8}.Release|Any CPU.Build.0 = Release|Any CPU
		{3B91FC5D-61E8-4F8B-A5B4-53D2553D3148}.Debug|Any CPU.ActiveCfg = Debug|Any CPU
		{3B91FC5D-61E8-4F8B-A5B4-53D2553D3148}.Debug|Any CPU.Build.0 = Debug|Any CPU
		{3B91FC5D-61E8-4F8B-A5B4-53D2553D3148}.Release|Any CPU.ActiveCfg = Release|Any CPU
		{3B91FC5D-61E8-4F8B-A5B4-53D2553D3148}.Release|Any CPU.Build.0 = Release|Any CPU
	EndGlobalSection
	GlobalSection(SolutionProperties) = preSolution
		HideSolutionNode = FALSE
	EndGlobalSection
	GlobalSection(ExtensibilityGlobals) = postSolution
		SolutionGuid = {9A658111-FEC4-447F-B74C-973686B63F7E}
	EndGlobalSection
EndGlobal
